<?xml version="1.0" encoding="utf-8"?>
<Project ToolsVersion="4.0" xmlns="http://schemas.microsoft.com/developer/msbuild/2003">
  <ItemGroup>
    <Filter Include="Source Files">
      <UniqueIdentifier>{4FC737F1-C7A5-4376-A066-2A32D752A2FF}</UniqueIdentifier>
      <Extensions>cpp;c;cc;cxx;def;odl;idl;hpj;bat;asm;asmx</Extensions>
    </Filter>
    <Filter Include="Header Files">
      <UniqueIdentifier>{93995380-89BD-4b04-88EB-625FBE52EBFB}</UniqueIdentifier>
      <Extensions>h;hpp;hxx;hm;inl;inc;xsd</Extensions>
    </Filter>
    <Filter Include="Resource Files">
      <UniqueIdentifier>{67DA6AB6-F800-4c08-8B7A-83BB121AAD01}</UniqueIdentifier>
      <Extensions>rc;ico;cur;bmp;dlg;rc2;rct;bin;rgs;gif;jpg;jpeg;jpe;resx;tiff;tif;png;wav;mfcribbon-ms</Extensions>
    </Filter>
    <Filter Include="Driver Files">
      <UniqueIdentifier>{8E41214B-6785-4CFE-B992-037D68949A14}</UniqueIdentifier>
      <Extensions>inf;inv;inx;mof;mc;</Extensions>
    </Filter>
    <Filter Include="Source Files\routine">
      <UniqueIdentifier>{7dea1427-0edf-4cee-ac56-25a0b3e7411c}</UniqueIdentifier>
    </Filter>
    <Filter Include="Header Files\routine">
      <UniqueIdentifier>{fa375a2c-a5de-41e5-828c-0ba3140b63be}</UniqueIdentifier>
    </Filter>
    <Filter Include="Header Files\mutex">
      <UniqueIdentifier>{ea87efc6-3024-45dd-8bf3-f69073c325cb}</UniqueIdentifier>
    </Filter>
    <Filter Include="Source Files\mutex">
      <UniqueIdentifier>{a30033f0-838e-4156-b7aa-2af2d413b1dd}</UniqueIdentifier>
    </Filter>
    <Filter Include="Header Files\lib">
      <UniqueIdentifier>{a852a9cd-e5ff-40ec-850e-d1383768e5b1}</UniqueIdentifier>
    </Filter>
    <Filter Include="Source Files\lib">
      <UniqueIdentifier>{8fa86f62-3d64-4b87-a642-0fd2b14821ee}</UniqueIdentifier>
    </Filter>
    <Filter Include="Source Files\helpers">
      <UniqueIdentifier>{273c38e9-5d6e-43da-ae3b-b7c57b5847ae}</UniqueIdentifier>
    </Filter>
    <Filter Include="Header Files\helpers">
      <UniqueIdentifier>{2f4c50f2-1318-4b10-9f94-9d5fabcf6ee4}</UniqueIdentifier>
    </Filter>
  </ItemGroup>
  <ItemGroup>
    <ClCompile Include="pch.cpp">
      <Filter>Source Files</Filter>
    </ClCompile>
    <ClCompile Include="main.cpp">
      <Filter>Source Files</Filter>
    </ClCompile>
    <ClCompile Include="notifyroutine.cpp">
      <Filter>Source Files\routine</Filter>
    </ClCompile>
    <ClCompile Include="dispatchroutine.cpp">
      <Filter>Source Files\routine</Filter>
    </ClCompile>
    <ClCompile Include="fastmutex.cpp">
      <Filter>Source Files\mutex</Filter>
    </ClCompile>
    <ClCompile Include="csstring.cpp">
      <Filter>Source Files\lib</Filter>
    </ClCompile>
    <ClCompile Include="linkedlisthelpers.cpp">
      <Filter>Source Files\helpers</Filter>
    </ClCompile>
    <ClCompile Include="commonhelpers.cpp">
      <Filter>Source Files\helpers</Filter>
    </ClCompile>
  </ItemGroup>
  <ItemGroup>
    <ClInclude Include="pch.h">
      <Filter>Header Files</Filter>
    </ClInclude>
    <ClInclude Include="drivercommon.h">
      <Filter>Header Files</Filter>
    </ClInclude>
    <ClInclude Include="datastore.h">
      <Filter>Header Files</Filter>
    </ClInclude>
    <ClInclude Include="dispatchroutine.h">
      <Filter>Header Files\routine</Filter>
    </ClInclude>
    <ClInclude Include="notifyroutine.h">
      <Filter>Header Files\routine</Filter>
    </ClInclude>
    <ClInclude Include="autolock.h">
      <Filter>Header Files\mutex</Filter>
    </ClInclude>
    <ClInclude Include="fastmutex.h">
      <Filter>Header Files\mutex</Filter>
    </ClInclude>
    <ClInclude Include="csstring.h">
      <Filter>Header Files\lib</Filter>
    </ClInclude>
    <ClInclude Include="linkedlisthelpers.h">
      <Filter>Header Files\helpers</Filter>
    </ClInclude>
    <ClInclude Include="commonhelpers.h">
      <Filter>Header Files\helpers</Filter>
    </ClInclude>
  </ItemGroup>
</Project>