github.com/akamensky/argparse v1.3.1 h1:kP6+OyvR0fuBH6UhbE6yh/nskrDEIQgEA1SUXDPjx4g=
github.com/akamensky/argparse v1.3.1/go.mod h1:S5kwC7IuDcEr5VeXtGPRVZ5o/FdhcMlQz4IZQuw64xA=
github.com/go-toast/toast v0.0.0-20190211030409-01e6764cf0a4 h1:qZNfIGkIANxGv/OqtnntR4DfOY2+BgwR60cAcu/i3SE=
github.com/go-toast/toast v0.0.0-20190211030409-01e6764cf0a4/go.mod h1:kW3HQ4UdaAyrUCSSDR4xUzBKW6O2iA4uHhk7AtyYp10=
github.com/nu7hatch/gouuid v0.0.0-20131221200532-179d4d0c4d8d h1:VhgPp6v9qf9Agr/56bj7Y/xa04UccTW04VP0Qed4vnQ=
github.com/nu7hatch/gouuid v0.0.0-20131221200532-179d4d0c4d8d/go.mod h1:YUTz3bUH2ZwIWBy3CJBeOBEugqcmXREj14T+iG/4k4U=
gopkg.in/toast.v1 v1.0.0-20180812000517-0a84660828b2 h1:MZF6J7CV6s/h0HBkfqebrYfKCVEo5iN+wzE4QhV3Evo=
gopkg.in/toast.v1 v1.0.0-20180812000517-0a84660828b2/go.mod h1:s1Sn2yZos05Qfs7NKt867Xe18emOmtsO3eAKbDaon0o=
